// !$*UTF8*$!
{
    archiveVersion = 1;
    classes = {};
    objectVersion = 46;
    rootObject = __RootObject_;
    objects = {
        __RootObject_ = {
            isa = PBXProject;
            attributes = {LastUpgradeCheck = 9999;};
            buildConfigurationList = ___RootConfs_;
            compatibilityVersion = 'Xcode 3.2';
            developmentRegion = English;
            hasScannedForEncodings = 0;
            knownRegions = (en);
            mainGroup = ___RootGroup_;
            productRefGroup = ____Products_;
            projectDirPath = '';
            projectRoot = '';
            targets = (______Target_SwiftPing);
        };
        '__PBXFileRef_Package.swift' = {
            isa = PBXFileReference;
            lastKnownFileType = sourcecode.swift;
            name = 'Package.swift';
            path = 'Package.swift';
            sourceTree = '<group>';
        };
        ___RootGroup_ = {
            isa = PBXGroup;
            children = ('__PBXFileRef_Package.swift', _____Configs_, _____Sources_, Dependencies_, _______Tests_, ____Products_);
            sourceTree = '<group>';
        };
        __PBXFileRef_SwiftPing_Info.plist = {
            isa = PBXFileReference;
            lastKnownFileType = text.plist.xml;
            name = 'SwiftPing_Info.plist';
            path = 'SwiftPing.xcodeproj/SwiftPing_Info.plist';
            sourceTree = SOURCE_ROOT;
        };
        _______Group_SwiftPing = {
            isa = PBXGroup;
            name = SwiftPing;
            path = 'Sources';
            sourceTree = '<group>';
            children = ('__PBXFileRef_Sources/ICMP.swift', '__PBXFileRef_Sources/PingConfiguration.swift', '__PBXFileRef_Sources/PingResponse.swift', '__PBXFileRef_Sources/SwiftPing.swift', __PBXFileRef_SwiftPing_Info.plist);
        };
        '__PBXFileRef_Sources/ICMP.swift' = {
            isa = PBXFileReference;
            lastKnownFileType = sourcecode.swift;
            name = 'ICMP.swift';
            sourceTree = '<group>';
        };
        '__PBXFileRef_Sources/PingConfiguration.swift' = {
            isa = PBXFileReference;
            lastKnownFileType = sourcecode.swift;
            name = 'PingConfiguration.swift';
            sourceTree = '<group>';
        };
        '__PBXFileRef_Sources/PingResponse.swift' = {
            isa = PBXFileReference;
            lastKnownFileType = sourcecode.swift;
            name = 'PingResponse.swift';
            sourceTree = '<group>';
        };
        '__PBXFileRef_Sources/SwiftPing.swift' = {
            isa = PBXFileReference;
            lastKnownFileType = sourcecode.swift;
            name = 'SwiftPing.swift';
            sourceTree = '<group>';
        };
        ______Target_SwiftPing = {
            isa = PBXNativeTarget;
            buildConfigurationList = _______Confs_SwiftPing;
            buildPhases = (CompilePhase_SwiftPing, ___LinkPhase_SwiftPing);
            buildRules = ();
            dependencies = ();
            name = SwiftPing;
            productName = SwiftPing;
            productReference = _____Product_SwiftPing;
            productType = 'com.apple.product-type.framework';
        };
        _____Product_SwiftPing = {
            isa = PBXFileReference;
            explicitFileType = 'wrapper.framework';
            path = 'SwiftPing.framework';
            sourceTree = BUILT_PRODUCTS_DIR;
        };
        CompilePhase_SwiftPing = {
            isa = PBXSourcesBuildPhase;
            files = ('__src_cc_ref_Sources/ICMP.swift', '__src_cc_ref_Sources/PingConfiguration.swift', '__src_cc_ref_Sources/PingResponse.swift', '__src_cc_ref_Sources/SwiftPing.swift');
            runOnlyForDeploymentPostprocessing = 0;
        };
        '__src_cc_ref_Sources/ICMP.swift' = {
            isa = PBXBuildFile;
            fileRef = '__PBXFileRef_Sources/ICMP.swift';
        };
        '__src_cc_ref_Sources/PingConfiguration.swift' = {
            isa = PBXBuildFile;
            fileRef = '__PBXFileRef_Sources/PingConfiguration.swift';
        };
        '__src_cc_ref_Sources/PingResponse.swift' = {
            isa = PBXBuildFile;
            fileRef = '__PBXFileRef_Sources/PingResponse.swift';
        };
        '__src_cc_ref_Sources/SwiftPing.swift' = {
            isa = PBXBuildFile;
            fileRef = '__PBXFileRef_Sources/SwiftPing.swift';
        };
        ___LinkPhase_SwiftPing = {
            isa = PBXFrameworksBuildPhase;
            files = ();
            runOnlyForDeploymentPostprocessing = 0;
        };
        _______Confs_SwiftPing = {
            isa = XCConfigurationList;
            buildConfigurations = (___DebugConf_SwiftPing, _ReleaseConf_SwiftPing);
            defaultConfigurationIsVisible = 0;
            defaultConfigurationName = Debug;
        };
        ___DebugConf_SwiftPing = {
            isa = XCBuildConfiguration;
            buildSettings = { LD_RUNPATH_SEARCH_PATHS = '$(TOOLCHAIN_DIR)/usr/lib/swift/macosx'; PRODUCT_MODULE_NAME = '$(TARGET_NAME:c99extidentifier)'; ENABLE_TESTABILITY = 'YES'; OTHER_SWIFT_FLAGS = '$(inherited)'; INFOPLIST_FILE = 'SwiftPing.xcodeproj/SwiftPing_Info.plist'; FRAMEWORK_SEARCH_PATHS = '$(PLATFORM_DIR)/Developer/Library/Frameworks'; SWIFT_OPTIMIZATION_LEVEL = '-Onone'; OTHER_LDFLAGS = '$(inherited)'; PRODUCT_NAME = '$(TARGET_NAME:c99extidentifier)'; };
            name = Debug;
        };
        _ReleaseConf_SwiftPing = {
            isa = XCBuildConfiguration;
            buildSettings = { LD_RUNPATH_SEARCH_PATHS = '$(TOOLCHAIN_DIR)/usr/lib/swift/macosx'; PRODUCT_MODULE_NAME = '$(TARGET_NAME:c99extidentifier)'; ENABLE_TESTABILITY = 'YES'; OTHER_SWIFT_FLAGS = '$(inherited)'; INFOPLIST_FILE = 'SwiftPing.xcodeproj/SwiftPing_Info.plist'; FRAMEWORK_SEARCH_PATHS = '$(PLATFORM_DIR)/Developer/Library/Frameworks'; OTHER_LDFLAGS = '$(inherited)'; PRODUCT_NAME = '$(TARGET_NAME:c99extidentifier)'; };
            name = Release;
        };
        __Dependency_SwiftPing = {
            isa = PBXTargetDependency;
            target = ______Target_SwiftPing;
        };
        '__PBXFileRef_SwiftPing.xcodeproj/Configs/Project.xcconfig' = {
            isa = PBXFileReference;
            lastKnownFileType = text.xcconfig;
            name = 'Project.xcconfig';
            path = 'SwiftPing.xcodeproj/Configs/Project.xcconfig';
            sourceTree = '<group>';
        };
        _____Configs_ = {
            isa = PBXGroup;
            children = ('__PBXFileRef_SwiftPing.xcodeproj/Configs/Project.xcconfig');
            name = Configs;
            sourceTree = '<group>';
        };
        _____Sources_ = {
            isa = PBXGroup;
            children = (_______Group_SwiftPing);
            name = Sources;
            sourceTree = '<group>';
        };
        ____Products_ = {
            isa = PBXGroup;
            children = (_____Product_SwiftPing);
            name = Products;
            sourceTree = '<group>';
        };
        _______Debug_ = {
            isa = XCBuildConfiguration;
            baseConfigurationReference = '__PBXFileRef_SwiftPing.xcodeproj/Configs/Project.xcconfig';
            buildSettings = {};
            name = Debug;
        };
        _____Release_ = {
            isa = XCBuildConfiguration;
            baseConfigurationReference = '__PBXFileRef_SwiftPing.xcodeproj/Configs/Project.xcconfig';
            buildSettings = {};
            name = Release;
        };
        ___RootConfs_ = {
            isa = XCConfigurationList;
            buildConfigurations = (_______Debug_, _____Release_);
            defaultConfigurationIsVisible = 0;
            defaultConfigurationName = Debug;
        };
    };
}
